// !$*UTF8*$!
{
	archiveVersion = 1;
	classes = {
	};
	objectVersion = 50;
	objects = {

/* Begin PBXBuildFile section */
		24AA939F25AF0DA4007588C7 /* AppDelegate.swift in Sources */ = {isa = PBXBuildFile; fileRef = 24AA939E25AF0DA4007588C7 /* AppDelegate.swift */; };
		24AA93A125AF0DA4007588C7 /* SceneDelegate.swift in Sources */ = {isa = PBXBuildFile; fileRef = 24AA93A025AF0DA4007588C7 /* SceneDelegate.swift */; };
		24AA93A325AF0DA4007588C7 /* ViewController.swift in Sources */ = {isa = PBXBuildFile; fileRef = 24AA93A225AF0DA4007588C7 /* ViewController.swift */; };
		24AA93A625AF0DA4007588C7 /* Main.storyboard in Resources */ = {isa = PBXBuildFile; fileRef = 24AA93A425AF0DA4007588C7 /* Main.storyboard */; };
		24AA93A825AF0DA5007588C7 /* Assets.xcassets in Resources */ = {isa = PBXBuildFile; fileRef = 24AA93A725AF0DA5007588C7 /* Assets.xcassets */; };
		24AA93AB25AF0DA5007588C7 /* LaunchScreen.storyboard in Resources */ = {isa = PBXBuildFile; fileRef = 24AA93A925AF0DA5007588C7 /* LaunchScreen.storyboard */; };
		24AA93C125AF0F0D007588C7 /* InstabugNetworkClient.framework in Frameworks */ = {isa = PBXBuildFile; fileRef = 24AA93B825AF0F0D007588C7 /* InstabugNetworkClient.framework */; };
		24AA93C825AF0F0D007588C7 /* InstabugNetworkClientTests.swift in Sources */ = {isa = PBXBuildFile; fileRef = 24AA93C725AF0F0D007588C7 /* InstabugNetworkClientTests.swift */; };
		24AA93CA25AF0F0D007588C7 /* InstabugNetworkClient.h in Headers */ = {isa = PBXBuildFile; fileRef = 24AA93BA25AF0F0D007588C7 /* InstabugNetworkClient.h */; settings = {ATTRIBUTES = (Public, ); }; };
		24AA93CD25AF0F0D007588C7 /* InstabugNetworkClient.framework in Frameworks */ = {isa = PBXBuildFile; fileRef = 24AA93B825AF0F0D007588C7 /* InstabugNetworkClient.framework */; };
		24AA93CE25AF0F0D007588C7 /* InstabugNetworkClient.framework in Embed Frameworks */ = {isa = PBXBuildFile; fileRef = 24AA93B825AF0F0D007588C7 /* InstabugNetworkClient.framework */; settings = {ATTRIBUTES = (CodeSignOnCopy, RemoveHeadersOnCopy, ); }; };
		24AA93D925AF0F24007588C7 /* NetworkClient.swift in Sources */ = {isa = PBXBuildFile; fileRef = 24AA93D825AF0F24007588C7 /* NetworkClient.swift */; };
		AB3509DC27ADF49A003BB843 /* NetworkRequestDBEntity+CoreDataClass.swift in Sources */ = {isa = PBXBuildFile; fileRef = AB3509DA27ADF49A003BB843 /* NetworkRequestDBEntity+CoreDataClass.swift */; };
		AB3509DD27ADF49A003BB843 /* NetworkRequestDBEntity+CoreDataProperties.swift in Sources */ = {isa = PBXBuildFile; fileRef = AB3509DB27ADF49A003BB843 /* NetworkRequestDBEntity+CoreDataProperties.swift */; };
		AB79890127AD469500DA1FC9 /* CoreData.framework in Frameworks */ = {isa = PBXBuildFile; fileRef = AB79890027AD469500DA1FC9 /* CoreData.framework */; };
		AB79890827AD46DA00DA1FC9 /* ConfigurationType.swift in Sources */ = {isa = PBXBuildFile; fileRef = AB79890327AD46DA00DA1FC9 /* ConfigurationType.swift */; };
		AB79890927AD46DA00DA1FC9 /* Extensions.swift in Sources */ = {isa = PBXBuildFile; fileRef = AB79890427AD46DA00DA1FC9 /* Extensions.swift */; };
		AB79890A27AD46DA00DA1FC9 /* StorageContext.swift in Sources */ = {isa = PBXBuildFile; fileRef = AB79890527AD46DA00DA1FC9 /* StorageContext.swift */; };
		AB79890B27AD46DA00DA1FC9 /* Mapper.swift in Sources */ = {isa = PBXBuildFile; fileRef = AB79890627AD46DA00DA1FC9 /* Mapper.swift */; };
		AB79891027AD479300DA1FC9 /* DBManager.swift in Sources */ = {isa = PBXBuildFile; fileRef = AB79890D27AD479200DA1FC9 /* DBManager.swift */; };
		AB79891227AD479300DA1FC9 /* NetworkRequestDao.swift in Sources */ = {isa = PBXBuildFile; fileRef = AB79890F27AD479300DA1FC9 /* NetworkRequestDao.swift */; };
		AB79892327AD484900DA1FC9 /* CoreDataStoreCoordinator.swift in Sources */ = {isa = PBXBuildFile; fileRef = AB79891A27AD484900DA1FC9 /* CoreDataStoreCoordinator.swift */; };
		AB79892527AD484900DA1FC9 /* CoreDataStorageContext.swift in Sources */ = {isa = PBXBuildFile; fileRef = AB79891D27AD484900DA1FC9 /* CoreDataStorageContext.swift */; };
		AB79892927AD4A3E00DA1FC9 /* instabug-db.xcdatamodeld in Sources */ = {isa = PBXBuildFile; fileRef = AB79892727AD4A3E00DA1FC9 /* instabug-db.xcdatamodeld */; };
		AB79898927ADC3A700DA1FC9 /* ResponseDBEntity+CoreDataClass.swift in Sources */ = {isa = PBXBuildFile; fileRef = AB79898727ADC3A700DA1FC9 /* ResponseDBEntity+CoreDataClass.swift */; };
		AB79898A27ADC3A700DA1FC9 /* ResponseDBEntity+CoreDataProperties.swift in Sources */ = {isa = PBXBuildFile; fileRef = AB79898827ADC3A700DA1FC9 /* ResponseDBEntity+CoreDataProperties.swift */; };
		AB79898D27ADC3C400DA1FC9 /* RequestDBEntity+CoreDataClass.swift in Sources */ = {isa = PBXBuildFile; fileRef = AB79898B27ADC3C400DA1FC9 /* RequestDBEntity+CoreDataClass.swift */; };
		AB79898E27ADC3C400DA1FC9 /* RequestDBEntity+CoreDataProperties.swift in Sources */ = {isa = PBXBuildFile; fileRef = AB79898C27ADC3C400DA1FC9 /* RequestDBEntity+CoreDataProperties.swift */; };
		AB79899627ADC64300DA1FC9 /* DomainBaseEntity.swift in Sources */ = {isa = PBXBuildFile; fileRef = AB79899527ADC64300DA1FC9 /* DomainBaseEntity.swift */; };
		AB79899827ADCB5E00DA1FC9 /* NetworkRequest.swift in Sources */ = {isa = PBXBuildFile; fileRef = AB79899727ADCB5E00DA1FC9 /* NetworkRequest.swift */; };
		AB79899A27ADCB7900DA1FC9 /* RequestEntity.swift in Sources */ = {isa = PBXBuildFile; fileRef = AB79899927ADCB7900DA1FC9 /* RequestEntity.swift */; };
		AB79899C27ADCB8500DA1FC9 /* ResponseEntity.swift in Sources */ = {isa = PBXBuildFile; fileRef = AB79899B27ADCB8500DA1FC9 /* ResponseEntity.swift */; };
		AB79899E27ADCBAB00DA1FC9 /* SuccessEntity.swift in Sources */ = {isa = PBXBuildFile; fileRef = AB79899D27ADCBAB00DA1FC9 /* SuccessEntity.swift */; };
		AB7989A027ADCBBE00DA1FC9 /* ErrorEntity.swift in Sources */ = {isa = PBXBuildFile; fileRef = AB79899F27ADCBBE00DA1FC9 /* ErrorEntity.swift */; };
		ABE9FCDA27ADF6070067DBB8 /* SuccessDBEntity+CoreDataClass.swift in Sources */ = {isa = PBXBuildFile; fileRef = ABE9FCD827ADF6070067DBB8 /* SuccessDBEntity+CoreDataClass.swift */; };
		ABE9FCDB27ADF6070067DBB8 /* SuccessDBEntity+CoreDataProperties.swift in Sources */ = {isa = PBXBuildFile; fileRef = ABE9FCD927ADF6070067DBB8 /* SuccessDBEntity+CoreDataProperties.swift */; };
		ABE9FCDE27ADF6170067DBB8 /* ErrorDBEntity+CoreDataClass.swift in Sources */ = {isa = PBXBuildFile; fileRef = ABE9FCDC27ADF6170067DBB8 /* ErrorDBEntity+CoreDataClass.swift */; };
		ABE9FCDF27ADF6170067DBB8 /* ErrorDBEntity+CoreDataProperties.swift in Sources */ = {isa = PBXBuildFile; fileRef = ABE9FCDD27ADF6170067DBB8 /* ErrorDBEntity+CoreDataProperties.swift */; };
		ABE9FCE127AE9A900067DBB8 /* PayloadValidator.swift in Sources */ = {isa = PBXBuildFile; fileRef = ABE9FCE027AE9A900067DBB8 /* PayloadValidator.swift */; };
/* End PBXBuildFile section */

/* Begin PBXContainerItemProxy section */
		24AA93C225AF0F0D007588C7 /* PBXContainerItemProxy */ = {
			isa = PBXContainerItemProxy;
			containerPortal = 24AA939325AF0DA4007588C7 /* Project object */;
			proxyType = 1;
			remoteGlobalIDString = 24AA93B725AF0F0D007588C7;
			remoteInfo = InstabugNetworkClient;
		};
		24AA93C425AF0F0D007588C7 /* PBXContainerItemProxy */ = {
			isa = PBXContainerItemProxy;
			containerPortal = 24AA939325AF0DA4007588C7 /* Project object */;
			proxyType = 1;
			remoteGlobalIDString = 24AA939A25AF0DA4007588C7;
			remoteInfo = InstabugInterview;
		};
		24AA93CB25AF0F0D007588C7 /* PBXContainerItemProxy */ = {
			isa = PBXContainerItemProxy;
			containerPortal = 24AA939325AF0DA4007588C7 /* Project object */;
			proxyType = 1;
			remoteGlobalIDString = 24AA93B725AF0F0D007588C7;
			remoteInfo = InstabugNetworkClient;
		};
/* End PBXContainerItemProxy section */

/* Begin PBXCopyFilesBuildPhase section */
		24AA93D225AF0F0D007588C7 /* Embed Frameworks */ = {
			isa = PBXCopyFilesBuildPhase;
			buildActionMask = 2147483647;
			dstPath = "";
			dstSubfolderSpec = 10;
			files = (
				24AA93CE25AF0F0D007588C7 /* InstabugNetworkClient.framework in Embed Frameworks */,
			);
			name = "Embed Frameworks";
			runOnlyForDeploymentPostprocessing = 0;
		};
/* End PBXCopyFilesBuildPhase section */

/* Begin PBXFileReference section */
		24AA939B25AF0DA4007588C7 /* InstabugInterview.app */ = {isa = PBXFileReference; explicitFileType = wrapper.application; includeInIndex = 0; path = InstabugInterview.app; sourceTree = BUILT_PRODUCTS_DIR; };
		24AA939E25AF0DA4007588C7 /* AppDelegate.swift */ = {isa = PBXFileReference; lastKnownFileType = sourcecode.swift; path = AppDelegate.swift; sourceTree = "<group>"; };
		24AA93A025AF0DA4007588C7 /* SceneDelegate.swift */ = {isa = PBXFileReference; lastKnownFileType = sourcecode.swift; path = SceneDelegate.swift; sourceTree = "<group>"; };
		24AA93A225AF0DA4007588C7 /* ViewController.swift */ = {isa = PBXFileReference; lastKnownFileType = sourcecode.swift; path = ViewController.swift; sourceTree = "<group>"; };
		24AA93A525AF0DA4007588C7 /* Base */ = {isa = PBXFileReference; lastKnownFileType = file.storyboard; name = Base; path = Base.lproj/Main.storyboard; sourceTree = "<group>"; };
		24AA93A725AF0DA5007588C7 /* Assets.xcassets */ = {isa = PBXFileReference; lastKnownFileType = folder.assetcatalog; path = Assets.xcassets; sourceTree = "<group>"; };
		24AA93AA25AF0DA5007588C7 /* Base */ = {isa = PBXFileReference; lastKnownFileType = file.storyboard; name = Base; path = Base.lproj/LaunchScreen.storyboard; sourceTree = "<group>"; };
		24AA93AC25AF0DA5007588C7 /* Info.plist */ = {isa = PBXFileReference; lastKnownFileType = text.plist.xml; path = Info.plist; sourceTree = "<group>"; };
		24AA93B825AF0F0D007588C7 /* InstabugNetworkClient.framework */ = {isa = PBXFileReference; explicitFileType = wrapper.framework; includeInIndex = 0; path = InstabugNetworkClient.framework; sourceTree = BUILT_PRODUCTS_DIR; };
		24AA93BA25AF0F0D007588C7 /* InstabugNetworkClient.h */ = {isa = PBXFileReference; lastKnownFileType = sourcecode.c.h; path = InstabugNetworkClient.h; sourceTree = "<group>"; };
		24AA93BB25AF0F0D007588C7 /* Info.plist */ = {isa = PBXFileReference; lastKnownFileType = text.plist.xml; path = Info.plist; sourceTree = "<group>"; };
		24AA93C025AF0F0D007588C7 /* InstabugNetworkClientTests.xctest */ = {isa = PBXFileReference; explicitFileType = wrapper.cfbundle; includeInIndex = 0; path = InstabugNetworkClientTests.xctest; sourceTree = BUILT_PRODUCTS_DIR; };
		24AA93C725AF0F0D007588C7 /* InstabugNetworkClientTests.swift */ = {isa = PBXFileReference; lastKnownFileType = sourcecode.swift; path = InstabugNetworkClientTests.swift; sourceTree = "<group>"; };
		24AA93C925AF0F0D007588C7 /* Info.plist */ = {isa = PBXFileReference; lastKnownFileType = text.plist.xml; path = Info.plist; sourceTree = "<group>"; };
		24AA93D825AF0F24007588C7 /* NetworkClient.swift */ = {isa = PBXFileReference; lastKnownFileType = sourcecode.swift; path = NetworkClient.swift; sourceTree = "<group>"; };
		AB3509DA27ADF49A003BB843 /* NetworkRequestDBEntity+CoreDataClass.swift */ = {isa = PBXFileReference; lastKnownFileType = sourcecode.swift; path = "NetworkRequestDBEntity+CoreDataClass.swift"; sourceTree = SOURCE_ROOT; };
		AB3509DB27ADF49A003BB843 /* NetworkRequestDBEntity+CoreDataProperties.swift */ = {isa = PBXFileReference; lastKnownFileType = sourcecode.swift; path = "NetworkRequestDBEntity+CoreDataProperties.swift"; sourceTree = SOURCE_ROOT; };
		AB79890027AD469500DA1FC9 /* CoreData.framework */ = {isa = PBXFileReference; lastKnownFileType = wrapper.framework; name = CoreData.framework; path = Platforms/MacOSX.platform/Developer/SDKs/MacOSX12.1.sdk/System/Library/Frameworks/CoreData.framework; sourceTree = DEVELOPER_DIR; };
		AB79890327AD46DA00DA1FC9 /* ConfigurationType.swift */ = {isa = PBXFileReference; fileEncoding = 4; lastKnownFileType = sourcecode.swift; path = ConfigurationType.swift; sourceTree = "<group>"; };
		AB79890427AD46DA00DA1FC9 /* Extensions.swift */ = {isa = PBXFileReference; fileEncoding = 4; lastKnownFileType = sourcecode.swift; path = Extensions.swift; sourceTree = "<group>"; };
		AB79890527AD46DA00DA1FC9 /* StorageContext.swift */ = {isa = PBXFileReference; fileEncoding = 4; lastKnownFileType = sourcecode.swift; path = StorageContext.swift; sourceTree = "<group>"; };
		AB79890627AD46DA00DA1FC9 /* Mapper.swift */ = {isa = PBXFileReference; fileEncoding = 4; lastKnownFileType = sourcecode.swift; path = Mapper.swift; sourceTree = "<group>"; };
		AB79890D27AD479200DA1FC9 /* DBManager.swift */ = {isa = PBXFileReference; fileEncoding = 4; lastKnownFileType = sourcecode.swift; path = DBManager.swift; sourceTree = "<group>"; };
		AB79890F27AD479300DA1FC9 /* NetworkRequestDao.swift */ = {isa = PBXFileReference; fileEncoding = 4; lastKnownFileType = sourcecode.swift; path = NetworkRequestDao.swift; sourceTree = "<group>"; };
		AB79891A27AD484900DA1FC9 /* CoreDataStoreCoordinator.swift */ = {isa = PBXFileReference; fileEncoding = 4; lastKnownFileType = sourcecode.swift; path = CoreDataStoreCoordinator.swift; sourceTree = "<group>"; };
		AB79891D27AD484900DA1FC9 /* CoreDataStorageContext.swift */ = {isa = PBXFileReference; fileEncoding = 4; lastKnownFileType = sourcecode.swift; path = CoreDataStorageContext.swift; sourceTree = "<group>"; };
		AB79892827AD4A3E00DA1FC9 /* instabug-db.xcdatamodel */ = {isa = PBXFileReference; lastKnownFileType = wrapper.xcdatamodel; path = "instabug-db.xcdatamodel"; sourceTree = "<group>"; };
		AB79898727ADC3A700DA1FC9 /* ResponseDBEntity+CoreDataClass.swift */ = {isa = PBXFileReference; lastKnownFileType = sourcecode.swift; path = "ResponseDBEntity+CoreDataClass.swift"; sourceTree = SOURCE_ROOT; };
		AB79898827ADC3A700DA1FC9 /* ResponseDBEntity+CoreDataProperties.swift */ = {isa = PBXFileReference; lastKnownFileType = sourcecode.swift; path = "ResponseDBEntity+CoreDataProperties.swift"; sourceTree = SOURCE_ROOT; };
		AB79898B27ADC3C400DA1FC9 /* RequestDBEntity+CoreDataClass.swift */ = {isa = PBXFileReference; lastKnownFileType = sourcecode.swift; path = "RequestDBEntity+CoreDataClass.swift"; sourceTree = SOURCE_ROOT; };
		AB79898C27ADC3C400DA1FC9 /* RequestDBEntity+CoreDataProperties.swift */ = {isa = PBXFileReference; lastKnownFileType = sourcecode.swift; path = "RequestDBEntity+CoreDataProperties.swift"; sourceTree = SOURCE_ROOT; };
		AB79899527ADC64300DA1FC9 /* DomainBaseEntity.swift */ = {isa = PBXFileReference; lastKnownFileType = sourcecode.swift; path = DomainBaseEntity.swift; sourceTree = "<group>"; };
		AB79899727ADCB5E00DA1FC9 /* NetworkRequest.swift */ = {isa = PBXFileReference; lastKnownFileType = sourcecode.swift; path = NetworkRequest.swift; sourceTree = "<group>"; };
		AB79899927ADCB7900DA1FC9 /* RequestEntity.swift */ = {isa = PBXFileReference; lastKnownFileType = sourcecode.swift; path = RequestEntity.swift; sourceTree = "<group>"; };
		AB79899B27ADCB8500DA1FC9 /* ResponseEntity.swift */ = {isa = PBXFileReference; lastKnownFileType = sourcecode.swift; path = ResponseEntity.swift; sourceTree = "<group>"; };
		AB79899D27ADCBAB00DA1FC9 /* SuccessEntity.swift */ = {isa = PBXFileReference; lastKnownFileType = sourcecode.swift; path = SuccessEntity.swift; sourceTree = "<group>"; };
		AB79899F27ADCBBE00DA1FC9 /* ErrorEntity.swift */ = {isa = PBXFileReference; lastKnownFileType = sourcecode.swift; path = ErrorEntity.swift; sourceTree = "<group>"; };
		ABE9FCD827ADF6070067DBB8 /* SuccessDBEntity+CoreDataClass.swift */ = {isa = PBXFileReference; lastKnownFileType = sourcecode.swift; path = "SuccessDBEntity+CoreDataClass.swift"; sourceTree = SOURCE_ROOT; };
		ABE9FCD927ADF6070067DBB8 /* SuccessDBEntity+CoreDataProperties.swift */ = {isa = PBXFileReference; lastKnownFileType = sourcecode.swift; path = "SuccessDBEntity+CoreDataProperties.swift"; sourceTree = SOURCE_ROOT; };
		ABE9FCDC27ADF6170067DBB8 /* ErrorDBEntity+CoreDataClass.swift */ = {isa = PBXFileReference; lastKnownFileType = sourcecode.swift; path = "ErrorDBEntity+CoreDataClass.swift"; sourceTree = SOURCE_ROOT; };
		ABE9FCDD27ADF6170067DBB8 /* ErrorDBEntity+CoreDataProperties.swift */ = {isa = PBXFileReference; lastKnownFileType = sourcecode.swift; path = "ErrorDBEntity+CoreDataProperties.swift"; sourceTree = SOURCE_ROOT; };
		ABE9FCE027AE9A900067DBB8 /* PayloadValidator.swift */ = {isa = PBXFileReference; lastKnownFileType = sourcecode.swift; path = PayloadValidator.swift; sourceTree = "<group>"; };
/* End PBXFileReference section */

/* Begin PBXFrameworksBuildPhase section */
		24AA939825AF0DA4007588C7 /* Frameworks */ = {
			isa = PBXFrameworksBuildPhase;
			buildActionMask = 2147483647;
			files = (
				24AA93CD25AF0F0D007588C7 /* InstabugNetworkClient.framework in Frameworks */,
			);
			runOnlyForDeploymentPostprocessing = 0;
		};
		24AA93B525AF0F0D007588C7 /* Frameworks */ = {
			isa = PBXFrameworksBuildPhase;
			buildActionMask = 2147483647;
			files = (
				AB79890127AD469500DA1FC9 /* CoreData.framework in Frameworks */,
			);
			runOnlyForDeploymentPostprocessing = 0;
		};
		24AA93BD25AF0F0D007588C7 /* Frameworks */ = {
			isa = PBXFrameworksBuildPhase;
			buildActionMask = 2147483647;
			files = (
				24AA93C125AF0F0D007588C7 /* InstabugNetworkClient.framework in Frameworks */,
			);
			runOnlyForDeploymentPostprocessing = 0;
		};
/* End PBXFrameworksBuildPhase section */

/* Begin PBXGroup section */
		24AA939225AF0DA4007588C7 = {
			isa = PBXGroup;
			children = (
				24AA939D25AF0DA4007588C7 /* InstabugInterview */,
				24AA93B925AF0F0D007588C7 /* InstabugNetworkClient */,
				24AA93C625AF0F0D007588C7 /* InstabugNetworkClientTests */,
				24AA939C25AF0DA4007588C7 /* Products */,
				AB7988FF27AD469500DA1FC9 /* Frameworks */,
			);
			sourceTree = "<group>";
		};
		24AA939C25AF0DA4007588C7 /* Products */ = {
			isa = PBXGroup;
			children = (
				24AA939B25AF0DA4007588C7 /* InstabugInterview.app */,
				24AA93B825AF0F0D007588C7 /* InstabugNetworkClient.framework */,
				24AA93C025AF0F0D007588C7 /* InstabugNetworkClientTests.xctest */,
			);
			name = Products;
			sourceTree = "<group>";
		};
		24AA939D25AF0DA4007588C7 /* InstabugInterview */ = {
			isa = PBXGroup;
			children = (
				24AA939E25AF0DA4007588C7 /* AppDelegate.swift */,
				24AA93A025AF0DA4007588C7 /* SceneDelegate.swift */,
				24AA93A225AF0DA4007588C7 /* ViewController.swift */,
				24AA93A425AF0DA4007588C7 /* Main.storyboard */,
				24AA93A725AF0DA5007588C7 /* Assets.xcassets */,
				24AA93A925AF0DA5007588C7 /* LaunchScreen.storyboard */,
				24AA93AC25AF0DA5007588C7 /* Info.plist */,
			);
			path = InstabugInterview;
			sourceTree = "<group>";
		};
		24AA93B925AF0F0D007588C7 /* InstabugNetworkClient */ = {
			isa = PBXGroup;
			children = (
				AB79899327ADC60A00DA1FC9 /* model */,
				AB7988FB27AD464800DA1FC9 /* db */,
				24AA93BA25AF0F0D007588C7 /* InstabugNetworkClient.h */,
				24AA93BB25AF0F0D007588C7 /* Info.plist */,
				24AA93D825AF0F24007588C7 /* NetworkClient.swift */,
			);
			path = InstabugNetworkClient;
			sourceTree = "<group>";
		};
		24AA93C625AF0F0D007588C7 /* InstabugNetworkClientTests */ = {
			isa = PBXGroup;
			children = (
				24AA93C725AF0F0D007588C7 /* InstabugNetworkClientTests.swift */,
				24AA93C925AF0F0D007588C7 /* Info.plist */,
			);
			path = InstabugNetworkClientTests;
			sourceTree = "<group>";
		};
		AB7988FB27AD464800DA1FC9 /* db */ = {
			isa = PBXGroup;
			children = (
				AB79891327AD484900DA1FC9 /* core-implementation */,
				AB79890C27AD474900DA1FC9 /* dao */,
				AB7988FC27AD465700DA1FC9 /* config */,
			);
			path = db;
			sourceTree = "<group>";
		};
		AB7988FC27AD465700DA1FC9 /* config */ = {
			isa = PBXGroup;
			children = (
				AB79890327AD46DA00DA1FC9 /* ConfigurationType.swift */,
				AB79890627AD46DA00DA1FC9 /* Mapper.swift */,
				AB79890427AD46DA00DA1FC9 /* Extensions.swift */,
				AB79890527AD46DA00DA1FC9 /* StorageContext.swift */,
				ABE9FCE027AE9A900067DBB8 /* PayloadValidator.swift */,
			);
			path = config;
			sourceTree = "<group>";
		};
		AB7988FF27AD469500DA1FC9 /* Frameworks */ = {
			isa = PBXGroup;
			children = (
				AB79890027AD469500DA1FC9 /* CoreData.framework */,
			);
			name = Frameworks;
			sourceTree = "<group>";
		};
		AB79890C27AD474900DA1FC9 /* dao */ = {
			isa = PBXGroup;
			children = (
				AB79890F27AD479300DA1FC9 /* NetworkRequestDao.swift */,
				AB79890D27AD479200DA1FC9 /* DBManager.swift */,
			);
			path = dao;
			sourceTree = "<group>";
		};
		AB79891327AD484900DA1FC9 /* core-implementation */ = {
			isa = PBXGroup;
			children = (
				AB79891427AD484900DA1FC9 /* core-data */,
			);
			path = "core-implementation";
			sourceTree = "<group>";
		};
		AB79891427AD484900DA1FC9 /* core-data */ = {
			isa = PBXGroup;
			children = (
				AB79891527AD484900DA1FC9 /* db-entities */,
				AB79891A27AD484900DA1FC9 /* CoreDataStoreCoordinator.swift */,
				AB79891D27AD484900DA1FC9 /* CoreDataStorageContext.swift */,
				AB79892727AD4A3E00DA1FC9 /* instabug-db.xcdatamodeld */,
			);
			path = "core-data";
			sourceTree = "<group>";
		};
		AB79891527AD484900DA1FC9 /* db-entities */ = {
			isa = PBXGroup;
			children = (
				AB79895227ADBECC00DA1FC9 /* error */,
				AB79895327ADBEE400DA1FC9 /* success */,
				AB79895427ADBF0200DA1FC9 /* request */,
				AB79895527ADBF1200DA1FC9 /* response */,
				AB79895627ADBF2000DA1FC9 /* networkRequest */,
			);
			path = "db-entities";
			sourceTree = "<group>";
		};
		AB79895227ADBECC00DA1FC9 /* error */ = {
			isa = PBXGroup;
			children = (
				ABE9FCDC27ADF6170067DBB8 /* ErrorDBEntity+CoreDataClass.swift */,
				ABE9FCDD27ADF6170067DBB8 /* ErrorDBEntity+CoreDataProperties.swift */,
			);
			path = error;
			sourceTree = "<group>";
		};
		AB79895327ADBEE400DA1FC9 /* success */ = {
			isa = PBXGroup;
			children = (
				ABE9FCD827ADF6070067DBB8 /* SuccessDBEntity+CoreDataClass.swift */,
				ABE9FCD927ADF6070067DBB8 /* SuccessDBEntity+CoreDataProperties.swift */,
			);
			path = success;
			sourceTree = "<group>";
		};
		AB79895427ADBF0200DA1FC9 /* request */ = {
			isa = PBXGroup;
			children = (
				AB79898B27ADC3C400DA1FC9 /* RequestDBEntity+CoreDataClass.swift */,
				AB79898C27ADC3C400DA1FC9 /* RequestDBEntity+CoreDataProperties.swift */,
			);
			path = request;
			sourceTree = "<group>";
		};
		AB79895527ADBF1200DA1FC9 /* response */ = {
			isa = PBXGroup;
			children = (
				AB79898727ADC3A700DA1FC9 /* ResponseDBEntity+CoreDataClass.swift */,
				AB79898827ADC3A700DA1FC9 /* ResponseDBEntity+CoreDataProperties.swift */,
			);
			path = response;
			sourceTree = "<group>";
		};
		AB79895627ADBF2000DA1FC9 /* networkRequest */ = {
			isa = PBXGroup;
			children = (
				AB3509DA27ADF49A003BB843 /* NetworkRequestDBEntity+CoreDataClass.swift */,
				AB3509DB27ADF49A003BB843 /* NetworkRequestDBEntity+CoreDataProperties.swift */,
			);
			path = networkRequest;
			sourceTree = "<group>";
		};
		AB79899327ADC60A00DA1FC9 /* model */ = {
			isa = PBXGroup;
			children = (
				AB79899427ADC62C00DA1FC9 /* domain-entities */,
			);
			path = model;
			sourceTree = "<group>";
		};
		AB79899427ADC62C00DA1FC9 /* domain-entities */ = {
			isa = PBXGroup;
			children = (
				AB79899527ADC64300DA1FC9 /* DomainBaseEntity.swift */,
				AB79899727ADCB5E00DA1FC9 /* NetworkRequest.swift */,
				AB79899927ADCB7900DA1FC9 /* RequestEntity.swift */,
				AB79899B27ADCB8500DA1FC9 /* ResponseEntity.swift */,
				AB79899D27ADCBAB00DA1FC9 /* SuccessEntity.swift */,
				AB79899F27ADCBBE00DA1FC9 /* ErrorEntity.swift */,
			);
			path = "domain-entities";
			sourceTree = "<group>";
		};
/* End PBXGroup section */

/* Begin PBXHeadersBuildPhase section */
		24AA93B325AF0F0D007588C7 /* Headers */ = {
			isa = PBXHeadersBuildPhase;
			buildActionMask = 2147483647;
			files = (
				24AA93CA25AF0F0D007588C7 /* InstabugNetworkClient.h in Headers */,
			);
			runOnlyForDeploymentPostprocessing = 0;
		};
/* End PBXHeadersBuildPhase section */

/* Begin PBXNativeTarget section */
		24AA939A25AF0DA4007588C7 /* InstabugInterview */ = {
			isa = PBXNativeTarget;
			buildConfigurationList = 24AA93AF25AF0DA5007588C7 /* Build configuration list for PBXNativeTarget "InstabugInterview" */;
			buildPhases = (
				24AA939725AF0DA4007588C7 /* Sources */,
				24AA939825AF0DA4007588C7 /* Frameworks */,
				24AA939925AF0DA4007588C7 /* Resources */,
				24AA93D225AF0F0D007588C7 /* Embed Frameworks */,
			);
			buildRules = (
			);
			dependencies = (
				24AA93CC25AF0F0D007588C7 /* PBXTargetDependency */,
			);
			name = InstabugInterview;
			packageProductDependencies = (
			);
			productName = InstabugInterview;
			productReference = 24AA939B25AF0DA4007588C7 /* InstabugInterview.app */;
			productType = "com.apple.product-type.application";
		};
		24AA93B725AF0F0D007588C7 /* InstabugNetworkClient */ = {
			isa = PBXNativeTarget;
			buildConfigurationList = 24AA93CF25AF0F0D007588C7 /* Build configuration list for PBXNativeTarget "InstabugNetworkClient" */;
			buildPhases = (
				24AA93B325AF0F0D007588C7 /* Headers */,
				24AA93B425AF0F0D007588C7 /* Sources */,
				24AA93B525AF0F0D007588C7 /* Frameworks */,
				24AA93B625AF0F0D007588C7 /* Resources */,
			);
			buildRules = (
			);
			dependencies = (
			);
			name = InstabugNetworkClient;
			packageProductDependencies = (
			);
			productName = InstabugNetworkClient;
			productReference = 24AA93B825AF0F0D007588C7 /* InstabugNetworkClient.framework */;
			productType = "com.apple.product-type.framework";
		};
		24AA93BF25AF0F0D007588C7 /* InstabugNetworkClientTests */ = {
			isa = PBXNativeTarget;
			buildConfigurationList = 24AA93D325AF0F0D007588C7 /* Build configuration list for PBXNativeTarget "InstabugNetworkClientTests" */;
			buildPhases = (
				24AA93BC25AF0F0D007588C7 /* Sources */,
				24AA93BD25AF0F0D007588C7 /* Frameworks */,
				24AA93BE25AF0F0D007588C7 /* Resources */,
			);
			buildRules = (
			);
			dependencies = (
				24AA93C325AF0F0D007588C7 /* PBXTargetDependency */,
				24AA93C525AF0F0D007588C7 /* PBXTargetDependency */,
			);
			name = InstabugNetworkClientTests;
			productName = InstabugNetworkClientTests;
			productReference = 24AA93C025AF0F0D007588C7 /* InstabugNetworkClientTests.xctest */;
			productType = "com.apple.product-type.bundle.unit-test";
		};
/* End PBXNativeTarget section */

/* Begin PBXProject section */
		24AA939325AF0DA4007588C7 /* Project object */ = {
			isa = PBXProject;
			attributes = {
				LastSwiftUpdateCheck = 1220;
				LastUpgradeCheck = 1220;
				TargetAttributes = {
					24AA939A25AF0DA4007588C7 = {
						CreatedOnToolsVersion = 12.2;
					};
					24AA93B725AF0F0D007588C7 = {
						CreatedOnToolsVersion = 12.2;
						LastSwiftMigration = 1220;
					};
					24AA93BF25AF0F0D007588C7 = {
						CreatedOnToolsVersion = 12.2;
						TestTargetID = 24AA939A25AF0DA4007588C7;
					};
				};
			};
			buildConfigurationList = 24AA939625AF0DA4007588C7 /* Build configuration list for PBXProject "InstabugInterview" */;
			compatibilityVersion = "Xcode 9.3";
			developmentRegion = en;
			hasScannedForEncodings = 0;
			knownRegions = (
				en,
				Base,
			);
			mainGroup = 24AA939225AF0DA4007588C7;
			packageReferences = (
			);
			productRefGroup = 24AA939C25AF0DA4007588C7 /* Products */;
			projectDirPath = "";
			projectRoot = "";
			targets = (
				24AA939A25AF0DA4007588C7 /* InstabugInterview */,
				24AA93B725AF0F0D007588C7 /* InstabugNetworkClient */,
				24AA93BF25AF0F0D007588C7 /* InstabugNetworkClientTests */,
			);
		};
/* End PBXProject section */

/* Begin PBXResourcesBuildPhase section */
		24AA939925AF0DA4007588C7 /* Resources */ = {
			isa = PBXResourcesBuildPhase;
			buildActionMask = 2147483647;
			files = (
				24AA93AB25AF0DA5007588C7 /* LaunchScreen.storyboard in Resources */,
				24AA93A825AF0DA5007588C7 /* Assets.xcassets in Resources */,
				24AA93A625AF0DA4007588C7 /* Main.storyboard in Resources */,
			);
			runOnlyForDeploymentPostprocessing = 0;
		};
		24AA93B625AF0F0D007588C7 /* Resources */ = {
			isa = PBXResourcesBuildPhase;
			buildActionMask = 2147483647;
			files = (
			);
			runOnlyForDeploymentPostprocessing = 0;
		};
		24AA93BE25AF0F0D007588C7 /* Resources */ = {
			isa = PBXResourcesBuildPhase;
			buildActionMask = 2147483647;
			files = (
			);
			runOnlyForDeploymentPostprocessing = 0;
		};
/* End PBXResourcesBuildPhase section */

/* Begin PBXSourcesBuildPhase section */
		24AA939725AF0DA4007588C7 /* Sources */ = {
			isa = PBXSourcesBuildPhase;
			buildActionMask = 2147483647;
			files = (
				24AA93A325AF0DA4007588C7 /* ViewController.swift in Sources */,
				24AA939F25AF0DA4007588C7 /* AppDelegate.swift in Sources */,
				24AA93A125AF0DA4007588C7 /* SceneDelegate.swift in Sources */,
			);
			runOnlyForDeploymentPostprocessing = 0;
		};
		24AA93B425AF0F0D007588C7 /* Sources */ = {
			isa = PBXSourcesBuildPhase;
			buildActionMask = 2147483647;
			files = (
				AB79890827AD46DA00DA1FC9 /* ConfigurationType.swift in Sources */,
				AB79899627ADC64300DA1FC9 /* DomainBaseEntity.swift in Sources */,
				ABE9FCDB27ADF6070067DBB8 /* SuccessDBEntity+CoreDataProperties.swift in Sources */,
				AB79892527AD484900DA1FC9 /* CoreDataStorageContext.swift in Sources */,
				AB79898E27ADC3C400DA1FC9 /* RequestDBEntity+CoreDataProperties.swift in Sources */,
				AB79898D27ADC3C400DA1FC9 /* RequestDBEntity+CoreDataClass.swift in Sources */,
				AB79890927AD46DA00DA1FC9 /* Extensions.swift in Sources */,
				AB79890B27AD46DA00DA1FC9 /* Mapper.swift in Sources */,
				AB79898A27ADC3A700DA1FC9 /* ResponseDBEntity+CoreDataProperties.swift in Sources */,
				ABE9FCDE27ADF6170067DBB8 /* ErrorDBEntity+CoreDataClass.swift in Sources */,
				AB79891227AD479300DA1FC9 /* NetworkRequestDao.swift in Sources */,
				AB3509DD27ADF49A003BB843 /* NetworkRequestDBEntity+CoreDataProperties.swift in Sources */,
				AB79899827ADCB5E00DA1FC9 /* NetworkRequest.swift in Sources */,
				AB3509DC27ADF49A003BB843 /* NetworkRequestDBEntity+CoreDataClass.swift in Sources */,
				AB79899C27ADCB8500DA1FC9 /* ResponseEntity.swift in Sources */,
				AB79891027AD479300DA1FC9 /* DBManager.swift in Sources */,
				AB7989A027ADCBBE00DA1FC9 /* ErrorEntity.swift in Sources */,
				AB79899E27ADCBAB00DA1FC9 /* SuccessEntity.swift in Sources */,
				AB79898927ADC3A700DA1FC9 /* ResponseDBEntity+CoreDataClass.swift in Sources */,
				24AA93D925AF0F24007588C7 /* NetworkClient.swift in Sources */,
				ABE9FCE127AE9A900067DBB8 /* PayloadValidator.swift in Sources */,
				ABE9FCDA27ADF6070067DBB8 /* SuccessDBEntity+CoreDataClass.swift in Sources */,
				ABE9FCDF27ADF6170067DBB8 /* ErrorDBEntity+CoreDataProperties.swift in Sources */,
				AB79892327AD484900DA1FC9 /* CoreDataStoreCoordinator.swift in Sources */,
				AB79892927AD4A3E00DA1FC9 /* instabug-db.xcdatamodeld in Sources */,
				AB79890A27AD46DA00DA1FC9 /* StorageContext.swift in Sources */,
				AB79899A27ADCB7900DA1FC9 /* RequestEntity.swift in Sources */,
			);
			runOnlyForDeploymentPostprocessing = 0;
		};
		24AA93BC25AF0F0D007588C7 /* Sources */ = {
			isa = PBXSourcesBuildPhase;
			buildActionMask = 2147483647;
			files = (
				24AA93C825AF0F0D007588C7 /* InstabugNetworkClientTests.swift in Sources */,
			);
			runOnlyForDeploymentPostprocessing = 0;
		};
/* End PBXSourcesBuildPhase section */

/* Begin PBXTargetDependency section */
		24AA93C325AF0F0D007588C7 /* PBXTargetDependency */ = {
			isa = PBXTargetDependency;
			target = 24AA93B725AF0F0D007588C7 /* InstabugNetworkClient */;
			targetProxy = 24AA93C225AF0F0D007588C7 /* PBXContainerItemProxy */;
		};
		24AA93C525AF0F0D007588C7 /* PBXTargetDependency */ = {
			isa = PBXTargetDependency;
			target = 24AA939A25AF0DA4007588C7 /* InstabugInterview */;
			targetProxy = 24AA93C425AF0F0D007588C7 /* PBXContainerItemProxy */;
		};
		24AA93CC25AF0F0D007588C7 /* PBXTargetDependency */ = {
			isa = PBXTargetDependency;
			target = 24AA93B725AF0F0D007588C7 /* InstabugNetworkClient */;
			targetProxy = 24AA93CB25AF0F0D007588C7 /* PBXContainerItemProxy */;
		};
/* End PBXTargetDependency section */

/* Begin PBXVariantGroup section */
		24AA93A425AF0DA4007588C7 /* Main.storyboard */ = {
			isa = PBXVariantGroup;
			children = (
				24AA93A525AF0DA4007588C7 /* Base */,
			);
			name = Main.storyboard;
			sourceTree = "<group>";
		};
		24AA93A925AF0DA5007588C7 /* LaunchScreen.storyboard */ = {
			isa = PBXVariantGroup;
			children = (
				24AA93AA25AF0DA5007588C7 /* Base */,
			);
			name = LaunchScreen.storyboard;
			sourceTree = "<group>";
		};
/* End PBXVariantGroup section */

/* Begin XCBuildConfiguration section */
		24AA93AD25AF0DA5007588C7 /* Debug */ = {
			isa = XCBuildConfiguration;
			buildSettings = {
				ALWAYS_SEARCH_USER_PATHS = NO;
				CLANG_ANALYZER_NONNULL = YES;
				CLANG_ANALYZER_NUMBER_OBJECT_CONVERSION = YES_AGGRESSIVE;
				CLANG_CXX_LANGUAGE_STANDARD = "gnu++14";
				CLANG_CXX_LIBRARY = "libc++";
				CLANG_ENABLE_MODULES = YES;
				CLANG_ENABLE_OBJC_ARC = YES;
				CLANG_ENABLE_OBJC_WEAK = YES;
				CLANG_WARN_BLOCK_CAPTURE_AUTORELEASING = YES;
				CLANG_WARN_BOOL_CONVERSION = YES;
				CLANG_WARN_COMMA = YES;
				CLANG_WARN_CONSTANT_CONVERSION = YES;
				CLANG_WARN_DEPRECATED_OBJC_IMPLEMENTATIONS = YES;
				CLANG_WARN_DIRECT_OBJC_ISA_USAGE = YES_ERROR;
				CLANG_WARN_DOCUMENTATION_COMMENTS = YES;
				CLANG_WARN_EMPTY_BODY = YES;
				CLANG_WARN_ENUM_CONVERSION = YES;
				CLANG_WARN_INFINITE_RECURSION = YES;
				CLANG_WARN_INT_CONVERSION = YES;
				CLANG_WARN_NON_LITERAL_NULL_CONVERSION = YES;
				CLANG_WARN_OBJC_IMPLICIT_RETAIN_SELF = YES;
				CLANG_WARN_OBJC_LITERAL_CONVERSION = YES;
				CLANG_WARN_OBJC_ROOT_CLASS = YES_ERROR;
				CLANG_WARN_QUOTED_INCLUDE_IN_FRAMEWORK_HEADER = YES;
				CLANG_WARN_RANGE_LOOP_ANALYSIS = YES;
				CLANG_WARN_STRICT_PROTOTYPES = YES;
				CLANG_WARN_SUSPICIOUS_MOVE = YES;
				CLANG_WARN_UNGUARDED_AVAILABILITY = YES_AGGRESSIVE;
				CLANG_WARN_UNREACHABLE_CODE = YES;
				CLANG_WARN__DUPLICATE_METHOD_MATCH = YES;
				COPY_PHASE_STRIP = NO;
				DEBUG_INFORMATION_FORMAT = dwarf;
				ENABLE_STRICT_OBJC_MSGSEND = YES;
				ENABLE_TESTABILITY = YES;
				GCC_C_LANGUAGE_STANDARD = gnu11;
				GCC_DYNAMIC_NO_PIC = NO;
				GCC_NO_COMMON_BLOCKS = YES;
				GCC_OPTIMIZATION_LEVEL = 0;
				GCC_PREPROCESSOR_DEFINITIONS = (
					"DEBUG=1",
					"$(inherited)",
				);
				GCC_WARN_64_TO_32_BIT_CONVERSION = YES;
				GCC_WARN_ABOUT_RETURN_TYPE = YES_ERROR;
				GCC_WARN_UNDECLARED_SELECTOR = YES;
				GCC_WARN_UNINITIALIZED_AUTOS = YES_AGGRESSIVE;
				GCC_WARN_UNUSED_FUNCTION = YES;
				GCC_WARN_UNUSED_VARIABLE = YES;
				IPHONEOS_DEPLOYMENT_TARGET = 14.2;
				MTL_ENABLE_DEBUG_INFO = INCLUDE_SOURCE;
				MTL_FAST_MATH = YES;
				ONLY_ACTIVE_ARCH = YES;
				SDKROOT = iphoneos;
				SWIFT_ACTIVE_COMPILATION_CONDITIONS = DEBUG;
				SWIFT_OPTIMIZATION_LEVEL = "-Onone";
			};
			name = Debug;
		};
		24AA93AE25AF0DA5007588C7 /* Release */ = {
			isa = XCBuildConfiguration;
			buildSettings = {
				ALWAYS_SEARCH_USER_PATHS = NO;
				CLANG_ANALYZER_NONNULL = YES;
				CLANG_ANALYZER_NUMBER_OBJECT_CONVERSION = YES_AGGRESSIVE;
				CLANG_CXX_LANGUAGE_STANDARD = "gnu++14";
				CLANG_CXX_LIBRARY = "libc++";
				CLANG_ENABLE_MODULES = YES;
				CLANG_ENABLE_OBJC_ARC = YES;
				CLANG_ENABLE_OBJC_WEAK = YES;
				CLANG_WARN_BLOCK_CAPTURE_AUTORELEASING = YES;
				CLANG_WARN_BOOL_CONVERSION = YES;
				CLANG_WARN_COMMA = YES;
				CLANG_WARN_CONSTANT_CONVERSION = YES;
				CLANG_WARN_DEPRECATED_OBJC_IMPLEMENTATIONS = YES;
				CLANG_WARN_DIRECT_OBJC_ISA_USAGE = YES_ERROR;
				CLANG_WARN_DOCUMENTATION_COMMENTS = YES;
				CLANG_WARN_EMPTY_BODY = YES;
				CLANG_WARN_ENUM_CONVERSION = YES;
				CLANG_WARN_INFINITE_RECURSION = YES;
				CLANG_WARN_INT_CONVERSION = YES;
				CLANG_WARN_NON_LITERAL_NULL_CONVERSION = YES;
				CLANG_WARN_OBJC_IMPLICIT_RETAIN_SELF = YES;
				CLANG_WARN_OBJC_LITERAL_CONVERSION = YES;
				CLANG_WARN_OBJC_ROOT_CLASS = YES_ERROR;
				CLANG_WARN_QUOTED_INCLUDE_IN_FRAMEWORK_HEADER = YES;
				CLANG_WARN_RANGE_LOOP_ANALYSIS = YES;
				CLANG_WARN_STRICT_PROTOTYPES = YES;
				CLANG_WARN_SUSPICIOUS_MOVE = YES;
				CLANG_WARN_UNGUARDED_AVAILABILITY = YES_AGGRESSIVE;
				CLANG_WARN_UNREACHABLE_CODE = YES;
				CLANG_WARN__DUPLICATE_METHOD_MATCH = YES;
				COPY_PHASE_STRIP = NO;
				DEBUG_INFORMATION_FORMAT = "dwarf-with-dsym";
				ENABLE_NS_ASSERTIONS = NO;
				ENABLE_STRICT_OBJC_MSGSEND = YES;
				GCC_C_LANGUAGE_STANDARD = gnu11;
				GCC_NO_COMMON_BLOCKS = YES;
				GCC_WARN_64_TO_32_BIT_CONVERSION = YES;
				GCC_WARN_ABOUT_RETURN_TYPE = YES_ERROR;
				GCC_WARN_UNDECLARED_SELECTOR = YES;
				GCC_WARN_UNINITIALIZED_AUTOS = YES_AGGRESSIVE;
				GCC_WARN_UNUSED_FUNCTION = YES;
				GCC_WARN_UNUSED_VARIABLE = YES;
				IPHONEOS_DEPLOYMENT_TARGET = 14.2;
				MTL_ENABLE_DEBUG_INFO = NO;
				MTL_FAST_MATH = YES;
				SDKROOT = iphoneos;
				SWIFT_COMPILATION_MODE = wholemodule;
				SWIFT_OPTIMIZATION_LEVEL = "-O";
				VALIDATE_PRODUCT = YES;
			};
			name = Release;
		};
		24AA93B025AF0DA5007588C7 /* Debug */ = {
			isa = XCBuildConfiguration;
			buildSettings = {
				ALWAYS_EMBED_SWIFT_STANDARD_LIBRARIES = YES;
				ASSETCATALOG_COMPILER_APPICON_NAME = AppIcon;
				ASSETCATALOG_COMPILER_GLOBAL_ACCENT_COLOR_NAME = AccentColor;
				CODE_SIGN_STYLE = Automatic;
				INFOPLIST_FILE = InstabugInterview/Info.plist;
				LD_RUNPATH_SEARCH_PATHS = (
					"$(inherited)",
					"@executable_path/Frameworks",
				);
				PRODUCT_BUNDLE_IDENTIFIER = com.Instabug.InstabugInterview;
				PRODUCT_NAME = "$(TARGET_NAME)";
				SWIFT_VERSION = 5.0;
				TARGETED_DEVICE_FAMILY = "1,2";
			};
			name = Debug;
		};
		24AA93B125AF0DA5007588C7 /* Release */ = {
			isa = XCBuildConfiguration;
			buildSettings = {
				ALWAYS_EMBED_SWIFT_STANDARD_LIBRARIES = YES;
				ASSETCATALOG_COMPILER_APPICON_NAME = AppIcon;
				ASSETCATALOG_COMPILER_GLOBAL_ACCENT_COLOR_NAME = AccentColor;
				CODE_SIGN_STYLE = Automatic;
				INFOPLIST_FILE = InstabugInterview/Info.plist;
				LD_RUNPATH_SEARCH_PATHS = (
					"$(inherited)",
					"@executable_path/Frameworks",
				);
				PRODUCT_BUNDLE_IDENTIFIER = com.Instabug.InstabugInterview;
				PRODUCT_NAME = "$(TARGET_NAME)";
				SWIFT_VERSION = 5.0;
				TARGETED_DEVICE_FAMILY = "1,2";
			};
			name = Release;
		};
		24AA93D025AF0F0D007588C7 /* Debug */ = {
			isa = XCBuildConfiguration;
			buildSettings = {
				CLANG_ENABLE_MODULES = YES;
				CODE_SIGN_STYLE = Automatic;
				CURRENT_PROJECT_VERSION = 1;
				DEFINES_MODULE = YES;
				DYLIB_COMPATIBILITY_VERSION = 1;
				DYLIB_CURRENT_VERSION = 1;
				DYLIB_INSTALL_NAME_BASE = "@rpath";
				INFOPLIST_FILE = InstabugNetworkClient/Info.plist;
				INSTALL_PATH = "$(LOCAL_LIBRARY_DIR)/Frameworks";
				LD_RUNPATH_SEARCH_PATHS = (
					"$(inherited)",
					"@executable_path/Frameworks",
					"@loader_path/Frameworks",
				);
				PRODUCT_BUNDLE_IDENTIFIER = com.Instabug.InstabugNetworkClient;
				PRODUCT_NAME = "$(TARGET_NAME:c99extidentifier)";
				SKIP_INSTALL = YES;
				SWIFT_OPTIMIZATION_LEVEL = "-Onone";
				SWIFT_VERSION = 5.0;
				TARGETED_DEVICE_FAMILY = "1,2";
				VERSIONING_SYSTEM = "apple-generic";
				VERSION_INFO_PREFIX = "";
			};
			name = Debug;
		};
		24AA93D125AF0F0D007588C7 /* Release */ = {
			isa = XCBuildConfiguration;
			buildSettings = {
				CLANG_ENABLE_MODULES = YES;
				CODE_SIGN_STYLE = Automatic;
				CURRENT_PROJECT_VERSION = 1;
				DEFINES_MODULE = YES;
				DYLIB_COMPATIBILITY_VERSION = 1;
				DYLIB_CURRENT_VERSION = 1;
				DYLIB_INSTALL_NAME_BASE = "@rpath";
				INFOPLIST_FILE = InstabugNetworkClient/Info.plist;
				INSTALL_PATH = "$(LOCAL_LIBRARY_DIR)/Frameworks";
				LD_RUNPATH_SEARCH_PATHS = (
					"$(inherited)",
					"@executable_path/Frameworks",
					"@loader_path/Frameworks",
				);
				PRODUCT_BUNDLE_IDENTIFIER = com.Instabug.InstabugNetworkClient;
				PRODUCT_NAME = "$(TARGET_NAME:c99extidentifier)";
				SKIP_INSTALL = YES;
				SWIFT_VERSION = 5.0;
				TARGETED_DEVICE_FAMILY = "1,2";
				VERSIONING_SYSTEM = "apple-generic";
				VERSION_INFO_PREFIX = "";
			};
			name = Release;
		};
		24AA93D425AF0F0D007588C7 /* Debug */ = {
			isa = XCBuildConfiguration;
			buildSettings = {
				ALWAYS_EMBED_SWIFT_STANDARD_LIBRARIES = YES;
				CODE_SIGN_STYLE = Automatic;
				INFOPLIST_FILE = InstabugNetworkClientTests/Info.plist;
				LD_RUNPATH_SEARCH_PATHS = (
					"$(inherited)",
					"@executable_path/Frameworks",
					"@loader_path/Frameworks",
				);
				PRODUCT_BUNDLE_IDENTIFIER = com.Instabug.InstabugNetworkClientTests;
				PRODUCT_NAME = "$(TARGET_NAME)";
				SWIFT_VERSION = 5.0;
				TARGETED_DEVICE_FAMILY = "1,2";
				TEST_HOST = "$(BUILT_PRODUCTS_DIR)/InstabugInterview.app/InstabugInterview";
			};
			name = Debug;
		};
		24AA93D525AF0F0D007588C7 /* Release */ = {
			isa = XCBuildConfiguration;
			buildSettings = {
				ALWAYS_EMBED_SWIFT_STANDARD_LIBRARIES = YES;
				CODE_SIGN_STYLE = Automatic;
				INFOPLIST_FILE = InstabugNetworkClientTests/Info.plist;
				LD_RUNPATH_SEARCH_PATHS = (
					"$(inherited)",
					"@executable_path/Frameworks",
					"@loader_path/Frameworks",
				);
				PRODUCT_BUNDLE_IDENTIFIER = com.Instabug.InstabugNetworkClientTests;
				PRODUCT_NAME = "$(TARGET_NAME)";
				SWIFT_VERSION = 5.0;
				TARGETED_DEVICE_FAMILY = "1,2";
				TEST_HOST = "$(BUILT_PRODUCTS_DIR)/InstabugInterview.app/InstabugInterview";
			};
			name = Release;
		};
/* End XCBuildConfiguration section */

/* Begin XCConfigurationList section */
		24AA939625AF0DA4007588C7 /* Build configuration list for PBXProject "InstabugInterview" */ = {
			isa = XCConfigurationList;
			buildConfigurations = (
				24AA93AD25AF0DA5007588C7 /* Debug */,
				24AA93AE25AF0DA5007588C7 /* Release */,
			);
			defaultConfigurationIsVisible = 0;
			defaultConfigurationName = Release;
		};
		24AA93AF25AF0DA5007588C7 /* Build configuration list for PBXNativeTarget "InstabugInterview" */ = {
			isa = XCConfigurationList;
			buildConfigurations = (
				24AA93B025AF0DA5007588C7 /* Debug */,
				24AA93B125AF0DA5007588C7 /* Release */,
			);
			defaultConfigurationIsVisible = 0;
			defaultConfigurationName = Release;
		};
		24AA93CF25AF0F0D007588C7 /* Build configuration list for PBXNativeTarget "InstabugNetworkClient" */ = {
			isa = XCConfigurationList;
			buildConfigurations = (
				24AA93D025AF0F0D007588C7 /* Debug */,
				24AA93D125AF0F0D007588C7 /* Release */,
			);
			defaultConfigurationIsVisible = 0;
			defaultConfigurationName = Release;
		};
		24AA93D325AF0F0D007588C7 /* Build configuration list for PBXNativeTarget "InstabugNetworkClientTests" */ = {
			isa = XCConfigurationList;
			buildConfigurations = (
				24AA93D425AF0F0D007588C7 /* Debug */,
				24AA93D525AF0F0D007588C7 /* Release */,
			);
			defaultConfigurationIsVisible = 0;
			defaultConfigurationName = Release;
		};
/* End XCConfigurationList section */

/* Begin XCVersionGroup section */
		AB79892727AD4A3E00DA1FC9 /* instabug-db.xcdatamodeld */ = {
			isa = XCVersionGroup;
			children = (
				AB79892827AD4A3E00DA1FC9 /* instabug-db.xcdatamodel */,
			);
			currentVersion = AB79892827AD4A3E00DA1FC9 /* instabug-db.xcdatamodel */;
			path = "instabug-db.xcdatamodeld";
			sourceTree = "<group>";
			versionGroupType = wrapper.xcdatamodel;
		};
/* End XCVersionGroup section */
	};
	rootObject = 24AA939325AF0DA4007588C7 /* Project object */;
}
